
Microsoft Visual Studio Solution File, Format Version 12.00
# Visual Studio 15
VisualStudioVersion = 15.0.28010.2041
MinimumVisualStudioVersion = 10.0.40219.1
Project("{FAE04EC0-301F-11D3-BF4B-00C04F79EFBC}") = "Library", "Library\Library.csproj", "{4AA4A3F7-16E0-4DEB-A742-66DEC2387B79}"
EndProject
Project("{FAE04EC0-301F-11D3-BF4B-00C04F79EFBC}") = "Console", "Console\Console.csproj", "{55DA840F-A984-46EA-B730-085FCC5C725E}"
EndProject
Project("{FAE04EC0-301F-11D3-BF4B-00C04F79EFBC}") = "WPF", "Wpf\WPF.csproj", "{2BF78AB2-FB72-48AF-8774-F049AEF60564}"
EndProject
Project("{FAE04EC0-301F-11D3-BF4B-00C04F79EFBC}") = "UnitTests", "UnitTests\UnitTests.csproj", "{8A02A408-2E11-47D0-9E89-90E478EC40FE}"
EndProject
Global
	GlobalSection(SolutionConfigurationPlatforms) = preSolution
		Debug|Any CPU = Debug|Any CPU
		Release|Any CPU = Release|Any CPU
	EndGlobalSection
	GlobalSection(ProjectConfigurationPlatforms) = postSolution
		{4AA4A3F7-16E0-4DEB-A742-66DEC2387B79}.Debug|Any CPU.ActiveCfg = Debug|Any CPU
		{4AA4A3F7-16E0-4DEB-A742-66DEC2387B79}.Debug|Any CPU.Build.0 = Debug|Any CPU
		{4AA4A3F7-16E0-4DEB-A742-66DEC2387B79}.Release|Any CPU.ActiveCfg = Release|Any CPU
		{4AA4A3F7-16E0-4DEB-A742-66DEC2387B79}.Release|Any CPU.Build.0 = Release|Any CPU
		{55DA840F-A984-46EA-B730-085FCC5C725E}.Debug|Any CPU.ActiveCfg = Debug|Any CPU
		{55DA840F-A984-46EA-B730-085FCC5C725E}.Debug|Any CPU.Build.0 = Debug|Any CPU
		{55DA840F-A984-46EA-B730-085FCC5C725E}.Release|Any CPU.ActiveCfg = Release|Any CPU
		{55DA840F-A984-46EA-B730-085FCC5C725E}.Release|Any CPU.Build.0 = Release|Any CPU
		{2BF78AB2-FB72-48AF-8774-F049AEF60564}.Debug|Any CPU.ActiveCfg = Debug|Any CPU
		{2BF78AB2-FB72-48AF-8774-F049AEF60564}.Debug|Any CPU.Build.0 = Debug|Any CPU
		{2BF78AB2-FB72-48AF-8774-F049AEF60564}.Release|Any CPU.ActiveCfg = Release|Any CPU
		{2BF78AB2-FB72-48AF-8774-F049AEF60564}.Release|Any CPU.Build.0 = Release|Any CPU
		{8A02A408-2E11-47D0-9E89-90E478EC40FE}.Debug|Any CPU.ActiveCfg = Debug|Any CPU
		{8A02A408-2E11-47D0-9E89-90E478EC40FE}.Debug|Any CPU.Build.0 = Debug|Any CPU
		{8A02A408-2E11-47D0-9E89-90E478EC40FE}.Release|Any CPU.ActiveCfg = Release|Any CPU
		{8A02A408-2E11-47D0-9E89-90E478EC40FE}.Release|Any CPU.Build.0 = Release|Any CPU
	EndGlobalSection
	GlobalSection(SolutionProperties) = preSolution
		HideSolutionNode = FALSE
	EndGlobalSection
	GlobalSection(ExtensibilityGlobals) = postSolution
		SolutionGuid = {A7DFAB50-05CB-47C7-8D4C-26FFFBCA30B8}
	EndGlobalSection
EndGlobal
