
Microsoft Visual Studio Solution File, Format Version 12.00
# Visual Studio 15
VisualStudioVersion = 15.0.28010.2046
MinimumVisualStudioVersion = 10.0.40219.1
Project("{FAE04EC0-301F-11D3-BF4B-00C04F79EFBC}") = "WPF", "WPF\WPF.csproj", "{1ECBC0A8-7EE3-49F5-9453-1F6F095391E4}"
EndProject
Project("{FAE04EC0-301F-11D3-BF4B-00C04F79EFBC}") = "Console", "Console\Console.csproj", "{A26D2D36-3D74-4F0A-BE00-C597DD5FBC9D}"
EndProject
Project("{FAE04EC0-301F-11D3-BF4B-00C04F79EFBC}") = "Library", "Library\Library.csproj", "{3BEB4C89-677B-4CF6-8C86-73431D6921DE}"
EndProject
Project("{FAE04EC0-301F-11D3-BF4B-00C04F79EFBC}") = "UnitTests", "UnitTests\UnitTests.csproj", "{BAB2D7F0-040A-4150-82F1-E8201440B0BF}"
EndProject
Project("{FAE04EC0-301F-11D3-BF4B-00C04F79EFBC}") = "LibraryForTests", "LibraryForTests\LibraryForTests.csproj", "{E4D7D9A4-5A57-457D-B5E9-9EFC9C4F203F}"
EndProject
Project("{FAE04EC0-301F-11D3-BF4B-00C04F79EFBC}") = "XMLSerializer", "XMLSerializer\XMLSerializer.csproj", "{D0EC89F7-B40A-4C2F-9901-7922F8807623}"
EndProject
Project("{FAE04EC0-301F-11D3-BF4B-00C04F79EFBC}") = "Contracts", "Contracts\Contracts.csproj", "{76265163-5445-4C56-B650-8A9EBD325376}"
EndProject
Project("{FAE04EC0-301F-11D3-BF4B-00C04F79EFBC}") = "FileLogger", "FileLogger\FileLogger.csproj", "{3EFAB43F-87FA-4D0A-8772-D63C5D593123}"
EndProject
Global
	GlobalSection(SolutionConfigurationPlatforms) = preSolution
		Debug|Any CPU = Debug|Any CPU
		Release|Any CPU = Release|Any CPU
	EndGlobalSection
	GlobalSection(ProjectConfigurationPlatforms) = postSolution
		{1ECBC0A8-7EE3-49F5-9453-1F6F095391E4}.Debug|Any CPU.ActiveCfg = Debug|Any CPU
		{1ECBC0A8-7EE3-49F5-9453-1F6F095391E4}.Debug|Any CPU.Build.0 = Debug|Any CPU
		{1ECBC0A8-7EE3-49F5-9453-1F6F095391E4}.Release|Any CPU.ActiveCfg = Release|Any CPU
		{1ECBC0A8-7EE3-49F5-9453-1F6F095391E4}.Release|Any CPU.Build.0 = Release|Any CPU
		{A26D2D36-3D74-4F0A-BE00-C597DD5FBC9D}.Debug|Any CPU.ActiveCfg = Debug|Any CPU
		{A26D2D36-3D74-4F0A-BE00-C597DD5FBC9D}.Debug|Any CPU.Build.0 = Debug|Any CPU
		{A26D2D36-3D74-4F0A-BE00-C597DD5FBC9D}.Release|Any CPU.ActiveCfg = Release|Any CPU
		{A26D2D36-3D74-4F0A-BE00-C597DD5FBC9D}.Release|Any CPU.Build.0 = Release|Any CPU
		{3BEB4C89-677B-4CF6-8C86-73431D6921DE}.Debug|Any CPU.ActiveCfg = Debug|Any CPU
		{3BEB4C89-677B-4CF6-8C86-73431D6921DE}.Debug|Any CPU.Build.0 = Debug|Any CPU
		{3BEB4C89-677B-4CF6-8C86-73431D6921DE}.Release|Any CPU.ActiveCfg = Release|Any CPU
		{3BEB4C89-677B-4CF6-8C86-73431D6921DE}.Release|Any CPU.Build.0 = Release|Any CPU
		{BAB2D7F0-040A-4150-82F1-E8201440B0BF}.Debug|Any CPU.ActiveCfg = Debug|Any CPU
		{BAB2D7F0-040A-4150-82F1-E8201440B0BF}.Debug|Any CPU.Build.0 = Debug|Any CPU
		{BAB2D7F0-040A-4150-82F1-E8201440B0BF}.Release|Any CPU.ActiveCfg = Release|Any CPU
		{BAB2D7F0-040A-4150-82F1-E8201440B0BF}.Release|Any CPU.Build.0 = Release|Any CPU
		{E4D7D9A4-5A57-457D-B5E9-9EFC9C4F203F}.Debug|Any CPU.ActiveCfg = Debug|Any CPU
		{E4D7D9A4-5A57-457D-B5E9-9EFC9C4F203F}.Debug|Any CPU.Build.0 = Debug|Any CPU
		{E4D7D9A4-5A57-457D-B5E9-9EFC9C4F203F}.Release|Any CPU.ActiveCfg = Release|Any CPU
		{E4D7D9A4-5A57-457D-B5E9-9EFC9C4F203F}.Release|Any CPU.Build.0 = Release|Any CPU
		{D0EC89F7-B40A-4C2F-9901-7922F8807623}.Debug|Any CPU.ActiveCfg = Debug|Any CPU
		{D0EC89F7-B40A-4C2F-9901-7922F8807623}.Debug|Any CPU.Build.0 = Debug|Any CPU
		{D0EC89F7-B40A-4C2F-9901-7922F8807623}.Release|Any CPU.ActiveCfg = Release|Any CPU
		{D0EC89F7-B40A-4C2F-9901-7922F8807623}.Release|Any CPU.Build.0 = Release|Any CPU
		{76265163-5445-4C56-B650-8A9EBD325376}.Debug|Any CPU.ActiveCfg = Debug|Any CPU
		{76265163-5445-4C56-B650-8A9EBD325376}.Debug|Any CPU.Build.0 = Debug|Any CPU
		{76265163-5445-4C56-B650-8A9EBD325376}.Release|Any CPU.ActiveCfg = Release|Any CPU
		{76265163-5445-4C56-B650-8A9EBD325376}.Release|Any CPU.Build.0 = Release|Any CPU
		{3EFAB43F-87FA-4D0A-8772-D63C5D593123}.Debug|Any CPU.ActiveCfg = Debug|Any CPU
		{3EFAB43F-87FA-4D0A-8772-D63C5D593123}.Debug|Any CPU.Build.0 = Debug|Any CPU
		{3EFAB43F-87FA-4D0A-8772-D63C5D593123}.Release|Any CPU.ActiveCfg = Release|Any CPU
		{3EFAB43F-87FA-4D0A-8772-D63C5D593123}.Release|Any CPU.Build.0 = Release|Any CPU
	EndGlobalSection
	GlobalSection(SolutionProperties) = preSolution
		HideSolutionNode = FALSE
	EndGlobalSection
	GlobalSection(ExtensibilityGlobals) = postSolution
		SolutionGuid = {BC9534D4-5E8C-4D46-9107-380166EF43B9}
	EndGlobalSection
EndGlobal
