
Microsoft Visual Studio Solution File, Format Version 12.00
# Visual Studio 15
VisualStudioVersion = 15.0.28010.2046
MinimumVisualStudioVersion = 10.0.40219.1
Project("{FAE04EC0-301F-11D3-BF4B-00C04F79EFBC}") = "WPF", "WPF\WPF.csproj", "{1ECBC0A8-7EE3-49F5-9453-1F6F095391E4}"
EndProject
Project("{FAE04EC0-301F-11D3-BF4B-00C04F79EFBC}") = "Console", "Console\Console.csproj", "{A26D2D36-3D74-4F0A-BE00-C597DD5FBC9D}"
EndProject
Project("{FAE04EC0-301F-11D3-BF4B-00C04F79EFBC}") = "Library", "Library\Library.csproj", "{3BEB4C89-677B-4CF6-8C86-73431D6921DE}"
EndProject
Project("{FAE04EC0-301F-11D3-BF4B-00C04F79EFBC}") = "LibraryForTests", "LibraryForTests\LibraryForTests.csproj", "{E4D7D9A4-5A57-457D-B5E9-9EFC9C4F203F}"
EndProject
Project("{FAE04EC0-301F-11D3-BF4B-00C04F79EFBC}") = "XMLSerializer", "XMLSerializer\XMLSerializer.csproj", "{D0EC89F7-B40A-4C2F-9901-7922F8807623}"
EndProject
Project("{FAE04EC0-301F-11D3-BF4B-00C04F79EFBC}") = "Contracts", "Contracts\Contracts.csproj", "{76265163-5445-4C56-B650-8A9EBD325376}"
EndProject
Project("{FAE04EC0-301F-11D3-BF4B-00C04F79EFBC}") = "FileLogger", "FileLogger\FileLogger.csproj", "{3EFAB43F-87FA-4D0A-8772-D63C5D593123}"
EndProject
Project("{FAE04EC0-301F-11D3-BF4B-00C04F79EFBC}") = "Data", "Data\Data.csproj", "{32BE8F62-4A3C-417C-8767-081752EDB2C6}"
EndProject
Project("{FAE04EC0-301F-11D3-BF4B-00C04F79EFBC}") = "SerializationUnitTests", "SerializationUnitTests\SerializationUnitTests.csproj", "{073F4297-FAA3-430C-BFDF-C3DBB0D23CC5}"
EndProject
Project("{FAE04EC0-301F-11D3-BF4B-00C04F79EFBC}") = "MVVMUnitTests", "MVVMUnitTests\MVVMUnitTests.csproj", "{69D5BB05-EACE-43F8-A207-4A06953A6CC1}"
EndProject
Project("{2150E333-8FDC-42A3-9474-1A3956D46DE8}") = "Tests", "Tests", "{2D7F9185-C9CD-4BF3-9F02-FEFB587D8ED7}"
EndProject
Project("{FAE04EC0-301F-11D3-BF4B-00C04F79EFBC}") = "ReflectionUnitTests", "ReflectionUnitTests\ReflectionUnitTests.csproj", "{BAB2D7F0-040A-4150-82F1-E8201440B0BF}"
EndProject
Project("{2150E333-8FDC-42A3-9474-1A3956D46DE8}") = "Presentation", "Presentation", "{C6078D93-6AD0-46C7-963F-67AAA7A3C91F}"
EndProject
Project("{2150E333-8FDC-42A3-9474-1A3956D46DE8}") = "Logic", "Logic", "{C9B5DC3C-B351-4460-AAA1-88B00CDAB0BF}"
EndProject
Project("{2150E333-8FDC-42A3-9474-1A3956D46DE8}") = "DataLayer", "DataLayer", "{C9D892F6-EA15-435C-9BE4-E2C7EBC9577A}"
EndProject
Project("{FAE04EC0-301F-11D3-BF4B-00C04F79EFBC}") = "DatabaseData", "DatabaseData\DatabaseData.csproj", "{23BDF3C4-D4D6-4021-B831-A982F440A581}"
EndProject
Project("{2150E333-8FDC-42A3-9474-1A3956D46DE8}") = "Solution Items", "Solution Items", "{80F59CB9-EAE8-44E3-9C03-323BE9A708A4}"
	ProjectSection(SolutionItems) = preProject
		C:\Users\ari09\Desktop\Tymczasowe\TP-master\AdaptiveProgramming\ApplicationArchitecture\bin\Debug\TPA.ApplicationArchitecture.dll = C:\Users\ari09\Desktop\Tymczasowe\TP-master\AdaptiveProgramming\ApplicationArchitecture\bin\Debug\TPA.ApplicationArchitecture.dll
	EndProjectSection
EndProject
Project("{FAE04EC0-301F-11D3-BF4B-00C04F79EFBC}") = "DatabaseLogger", "DatabaseLogger\DatabaseLogger.csproj", "{4C9ACA02-1E9B-4E7A-AE96-D587A5A6285A}"
EndProject
Global
	GlobalSection(SolutionConfigurationPlatforms) = preSolution
		Debug|Any CPU = Debug|Any CPU
		Release|Any CPU = Release|Any CPU
	EndGlobalSection
	GlobalSection(ProjectConfigurationPlatforms) = postSolution
		{1ECBC0A8-7EE3-49F5-9453-1F6F095391E4}.Debug|Any CPU.ActiveCfg = Debug|Any CPU
		{1ECBC0A8-7EE3-49F5-9453-1F6F095391E4}.Debug|Any CPU.Build.0 = Debug|Any CPU
		{1ECBC0A8-7EE3-49F5-9453-1F6F095391E4}.Release|Any CPU.ActiveCfg = Release|Any CPU
		{1ECBC0A8-7EE3-49F5-9453-1F6F095391E4}.Release|Any CPU.Build.0 = Release|Any CPU
		{A26D2D36-3D74-4F0A-BE00-C597DD5FBC9D}.Debug|Any CPU.ActiveCfg = Debug|Any CPU
		{A26D2D36-3D74-4F0A-BE00-C597DD5FBC9D}.Debug|Any CPU.Build.0 = Debug|Any CPU
		{A26D2D36-3D74-4F0A-BE00-C597DD5FBC9D}.Release|Any CPU.ActiveCfg = Release|Any CPU
		{A26D2D36-3D74-4F0A-BE00-C597DD5FBC9D}.Release|Any CPU.Build.0 = Release|Any CPU
		{3BEB4C89-677B-4CF6-8C86-73431D6921DE}.Debug|Any CPU.ActiveCfg = Debug|Any CPU
		{3BEB4C89-677B-4CF6-8C86-73431D6921DE}.Debug|Any CPU.Build.0 = Debug|Any CPU
		{3BEB4C89-677B-4CF6-8C86-73431D6921DE}.Release|Any CPU.ActiveCfg = Release|Any CPU
		{3BEB4C89-677B-4CF6-8C86-73431D6921DE}.Release|Any CPU.Build.0 = Release|Any CPU
		{E4D7D9A4-5A57-457D-B5E9-9EFC9C4F203F}.Debug|Any CPU.ActiveCfg = Debug|Any CPU
		{E4D7D9A4-5A57-457D-B5E9-9EFC9C4F203F}.Debug|Any CPU.Build.0 = Debug|Any CPU
		{E4D7D9A4-5A57-457D-B5E9-9EFC9C4F203F}.Release|Any CPU.ActiveCfg = Release|Any CPU
		{E4D7D9A4-5A57-457D-B5E9-9EFC9C4F203F}.Release|Any CPU.Build.0 = Release|Any CPU
		{D0EC89F7-B40A-4C2F-9901-7922F8807623}.Debug|Any CPU.ActiveCfg = Debug|Any CPU
		{D0EC89F7-B40A-4C2F-9901-7922F8807623}.Debug|Any CPU.Build.0 = Debug|Any CPU
		{D0EC89F7-B40A-4C2F-9901-7922F8807623}.Release|Any CPU.ActiveCfg = Release|Any CPU
		{D0EC89F7-B40A-4C2F-9901-7922F8807623}.Release|Any CPU.Build.0 = Release|Any CPU
		{76265163-5445-4C56-B650-8A9EBD325376}.Debug|Any CPU.ActiveCfg = Debug|Any CPU
		{76265163-5445-4C56-B650-8A9EBD325376}.Debug|Any CPU.Build.0 = Debug|Any CPU
		{76265163-5445-4C56-B650-8A9EBD325376}.Release|Any CPU.ActiveCfg = Release|Any CPU
		{76265163-5445-4C56-B650-8A9EBD325376}.Release|Any CPU.Build.0 = Release|Any CPU
		{3EFAB43F-87FA-4D0A-8772-D63C5D593123}.Debug|Any CPU.ActiveCfg = Debug|Any CPU
		{3EFAB43F-87FA-4D0A-8772-D63C5D593123}.Debug|Any CPU.Build.0 = Debug|Any CPU
		{3EFAB43F-87FA-4D0A-8772-D63C5D593123}.Release|Any CPU.ActiveCfg = Release|Any CPU
		{3EFAB43F-87FA-4D0A-8772-D63C5D593123}.Release|Any CPU.Build.0 = Release|Any CPU
		{32BE8F62-4A3C-417C-8767-081752EDB2C6}.Debug|Any CPU.ActiveCfg = Debug|Any CPU
		{32BE8F62-4A3C-417C-8767-081752EDB2C6}.Debug|Any CPU.Build.0 = Debug|Any CPU
		{32BE8F62-4A3C-417C-8767-081752EDB2C6}.Release|Any CPU.ActiveCfg = Release|Any CPU
		{32BE8F62-4A3C-417C-8767-081752EDB2C6}.Release|Any CPU.Build.0 = Release|Any CPU
		{073F4297-FAA3-430C-BFDF-C3DBB0D23CC5}.Debug|Any CPU.ActiveCfg = Debug|Any CPU
		{073F4297-FAA3-430C-BFDF-C3DBB0D23CC5}.Debug|Any CPU.Build.0 = Debug|Any CPU
		{073F4297-FAA3-430C-BFDF-C3DBB0D23CC5}.Release|Any CPU.ActiveCfg = Release|Any CPU
		{073F4297-FAA3-430C-BFDF-C3DBB0D23CC5}.Release|Any CPU.Build.0 = Release|Any CPU
		{69D5BB05-EACE-43F8-A207-4A06953A6CC1}.Debug|Any CPU.ActiveCfg = Debug|Any CPU
		{69D5BB05-EACE-43F8-A207-4A06953A6CC1}.Debug|Any CPU.Build.0 = Debug|Any CPU
		{69D5BB05-EACE-43F8-A207-4A06953A6CC1}.Release|Any CPU.ActiveCfg = Release|Any CPU
		{69D5BB05-EACE-43F8-A207-4A06953A6CC1}.Release|Any CPU.Build.0 = Release|Any CPU
		{BAB2D7F0-040A-4150-82F1-E8201440B0BF}.Debug|Any CPU.ActiveCfg = Debug|Any CPU
		{BAB2D7F0-040A-4150-82F1-E8201440B0BF}.Debug|Any CPU.Build.0 = Debug|Any CPU
		{BAB2D7F0-040A-4150-82F1-E8201440B0BF}.Release|Any CPU.ActiveCfg = Release|Any CPU
		{BAB2D7F0-040A-4150-82F1-E8201440B0BF}.Release|Any CPU.Build.0 = Release|Any CPU
		{23BDF3C4-D4D6-4021-B831-A982F440A581}.Debug|Any CPU.ActiveCfg = Debug|Any CPU
		{23BDF3C4-D4D6-4021-B831-A982F440A581}.Debug|Any CPU.Build.0 = Debug|Any CPU
		{23BDF3C4-D4D6-4021-B831-A982F440A581}.Release|Any CPU.ActiveCfg = Release|Any CPU
		{23BDF3C4-D4D6-4021-B831-A982F440A581}.Release|Any CPU.Build.0 = Release|Any CPU
		{4C9ACA02-1E9B-4E7A-AE96-D587A5A6285A}.Debug|Any CPU.ActiveCfg = Debug|Any CPU
		{4C9ACA02-1E9B-4E7A-AE96-D587A5A6285A}.Debug|Any CPU.Build.0 = Debug|Any CPU
		{4C9ACA02-1E9B-4E7A-AE96-D587A5A6285A}.Release|Any CPU.ActiveCfg = Release|Any CPU
		{4C9ACA02-1E9B-4E7A-AE96-D587A5A6285A}.Release|Any CPU.Build.0 = Release|Any CPU
	EndGlobalSection
	GlobalSection(SolutionProperties) = preSolution
		HideSolutionNode = FALSE
	EndGlobalSection
	GlobalSection(NestedProjects) = preSolution
		{1ECBC0A8-7EE3-49F5-9453-1F6F095391E4} = {C6078D93-6AD0-46C7-963F-67AAA7A3C91F}
		{A26D2D36-3D74-4F0A-BE00-C597DD5FBC9D} = {C6078D93-6AD0-46C7-963F-67AAA7A3C91F}
		{3BEB4C89-677B-4CF6-8C86-73431D6921DE} = {C9B5DC3C-B351-4460-AAA1-88B00CDAB0BF}
		{E4D7D9A4-5A57-457D-B5E9-9EFC9C4F203F} = {2D7F9185-C9CD-4BF3-9F02-FEFB587D8ED7}
		{D0EC89F7-B40A-4C2F-9901-7922F8807623} = {C9D892F6-EA15-435C-9BE4-E2C7EBC9577A}
		{76265163-5445-4C56-B650-8A9EBD325376} = {C9D892F6-EA15-435C-9BE4-E2C7EBC9577A}
		{3EFAB43F-87FA-4D0A-8772-D63C5D593123} = {C9D892F6-EA15-435C-9BE4-E2C7EBC9577A}
		{32BE8F62-4A3C-417C-8767-081752EDB2C6} = {C9D892F6-EA15-435C-9BE4-E2C7EBC9577A}
		{073F4297-FAA3-430C-BFDF-C3DBB0D23CC5} = {2D7F9185-C9CD-4BF3-9F02-FEFB587D8ED7}
		{69D5BB05-EACE-43F8-A207-4A06953A6CC1} = {2D7F9185-C9CD-4BF3-9F02-FEFB587D8ED7}
		{BAB2D7F0-040A-4150-82F1-E8201440B0BF} = {2D7F9185-C9CD-4BF3-9F02-FEFB587D8ED7}
		{23BDF3C4-D4D6-4021-B831-A982F440A581} = {C9D892F6-EA15-435C-9BE4-E2C7EBC9577A}
		{4C9ACA02-1E9B-4E7A-AE96-D587A5A6285A} = {C9D892F6-EA15-435C-9BE4-E2C7EBC9577A}
	EndGlobalSection
	GlobalSection(ExtensibilityGlobals) = postSolution
		SolutionGuid = {BC9534D4-5E8C-4D46-9107-380166EF43B9}
	EndGlobalSection
EndGlobal
